
Microsoft Visual Studio Solution File, Format Version 12.00
# Visual Studio Version 17
VisualStudioVersion = 17.11.35219.272
MinimumVisualStudioVersion = 10.0.40219.1
Project("{9A19103F-16F7-4668-BE54-9A1E7A4F7556}") = "Music_Transcriber", "Music_Transcriber.csproj", "{3DE5F99E-5EBA-4221-8309-D83A34D8F9B3}"
EndProject
Project("{2150E333-8FDC-42A3-9474-1A3956D46DE8}") = "Solution Items", "Solution Items", "{5CC70579-A8D5-4B5E-9957-84E374A600FC}"
	ProjectSection(SolutionItems) = preProject
		Start.xaml = Start.xaml
		Start.xaml.cs = Start.xaml.cs
	EndProjectSection
EndProject
Global
	GlobalSection(SolutionConfigurationPlatforms) = preSolution
		Debug|Any CPU = Debug|Any CPU
		Release|Any CPU = Release|Any CPU
	EndGlobalSection
	GlobalSection(ProjectConfigurationPlatforms) = postSolution
		{3DE5F99E-5EBA-4221-8309-D83A34D8F9B3}.Debug|Any CPU.ActiveCfg = Debug|Any CPU
		{3DE5F99E-5EBA-4221-8309-D83A34D8F9B3}.Debug|Any CPU.Build.0 = Debug|Any CPU
		{3DE5F99E-5EBA-4221-8309-D83A34D8F9B3}.Release|Any CPU.ActiveCfg = Release|Any CPU
		{3DE5F99E-5EBA-4221-8309-D83A34D8F9B3}.Release|Any CPU.Build.0 = Release|Any CPU
	EndGlobalSection
	GlobalSection(SolutionProperties) = preSolution
		HideSolutionNode = FALSE
	EndGlobalSection
	GlobalSection(ExtensibilityGlobals) = postSolution
		SolutionGuid = {E4750127-A29B-4892-819B-5AEAC3E46ED0}
	EndGlobalSection
EndGlobal
